
Microsoft Visual Studio Solution File, Format Version 12.00
# Visual Studio Version 16
VisualStudioVersion = 16.0.34601.136
MinimumVisualStudioVersion = 10.0.40219.1
Project("{FAE04EC0-301F-11D3-BF4B-00C04F79EFBC}") = "zgkk_sp_simulator", "zgkk_sp_simulator.csproj", "{F5194363-8CF9-48E4-974E-EE20EB4DA50B}"
EndProject
Global
	GlobalSection(SolutionConfigurationPlatforms) = preSolution
		Debug|Any CPU = Debug|Any CPU
		Release|Any CPU = Release|Any CPU
	EndGlobalSection
	GlobalSection(ProjectConfigurationPlatforms) = postSolution
		{F5194363-8CF9-48E4-974E-EE20EB4DA50B}.Debug|Any CPU.ActiveCfg = Debug|Any CPU
		{F5194363-8CF9-48E4-974E-EE20EB4DA50B}.Debug|Any CPU.Build.0 = Debug|Any CPU
		{F5194363-8CF9-48E4-974E-EE20EB4DA50B}.Release|Any CPU.ActiveCfg = Release|Any CPU
		{F5194363-8CF9-48E4-974E-EE20EB4DA50B}.Release|Any CPU.Build.0 = Release|Any CPU
	EndGlobalSection
	GlobalSection(SolutionProperties) = preSolution
		HideSolutionNode = FALSE
	EndGlobalSection
	GlobalSection(ExtensibilityGlobals) = postSolution
		SolutionGuid = {442E03A4-F062-40E7-97D9-05DDE29E6E48}
	EndGlobalSection
EndGlobal
